
Microsoft Visual Studio Solution File, Format Version 12.00
# Visual Studio Version 17
VisualStudioVersion = 17.8.34330.188
MinimumVisualStudioVersion = 10.0.40219.1
Project("{FAE04EC0-301F-11D3-BF4B-00C04F79EFBC}") = "MerryTest", "MerryTest\MerryTest.csproj", "{BEEE6355-8E55-4A46-B032-050DCA94B7E9}"
EndProject
Project("{2150E333-8FDC-42A3-9474-1A3956D46DE8}") = "NewFolder1", "NewFolder1", "{04689A87-8D09-4AFD-863F-B75F2A657BE9}"
EndProject
Project("{FAE04EC0-301F-11D3-BF4B-00C04F79EFBC}") = "VCS001", "..\..\..\9_IPEVO\Src\VCS001 Src\MX001\VCS001.csproj", "{342DA5C3-0F1F-470B-8C22-023B7B990F70}"
EndProject
Project("{FAE04EC0-301F-11D3-BF4B-00C04F79EFBC}") = "HanOpticSens_V1", "Z_AllDll\HanOpticSens_V1\HanOpticSens_V1\HanOpticSens_V1.csproj", "{E0BC4AA9-B3F1-4FB7-8D3A-DDA33CCB2DCB}"
EndProject
Project("{FAE04EC0-301F-11D3-BF4B-00C04F79EFBC}") = "HDT565", "..\..\..\6_Coscair\HDT565+---\code\HDT565 DLL\MerryDllFramework\HDT565.csproj", "{BB73ACF2-8D95-423D-BC75-FC58FC55BB17}"
EndProject
Project("{FAE04EC0-301F-11D3-BF4B-00C04F79EFBC}") = "MES", "Z_AllDll\MES\MES\MES.csproj", "{FC070B69-0C69-4DD1-A951-011CF7329B47}"
EndProject
Project("{FAE04EC0-301F-11D3-BF4B-00C04F79EFBC}") = "MerryDllFramework", "..\..\..\1_LOGITECH\HDT627\TICO\HDT627 MP\MerryDllFramework\MerryDllFramework.csproj", "{FB31F89A-A762-417A-89D2-4A7F43D581F9}"
EndProject
Global
	GlobalSection(SolutionConfigurationPlatforms) = preSolution
		Debug|Any CPU = Debug|Any CPU
		Debug|x86 = Debug|x86
		Release|Any CPU = Release|Any CPU
		Release|x86 = Release|x86
	EndGlobalSection
	GlobalSection(ProjectConfigurationPlatforms) = postSolution
		{BEEE6355-8E55-4A46-B032-050DCA94B7E9}.Debug|Any CPU.ActiveCfg = Debug|Any CPU
		{BEEE6355-8E55-4A46-B032-050DCA94B7E9}.Debug|Any CPU.Build.0 = Debug|Any CPU
		{BEEE6355-8E55-4A46-B032-050DCA94B7E9}.Debug|x86.ActiveCfg = Debug|Any CPU
		{BEEE6355-8E55-4A46-B032-050DCA94B7E9}.Debug|x86.Build.0 = Debug|Any CPU
		{BEEE6355-8E55-4A46-B032-050DCA94B7E9}.Release|Any CPU.ActiveCfg = Release|Any CPU
		{BEEE6355-8E55-4A46-B032-050DCA94B7E9}.Release|Any CPU.Build.0 = Release|Any CPU
		{BEEE6355-8E55-4A46-B032-050DCA94B7E9}.Release|x86.ActiveCfg = Release|Any CPU
		{BEEE6355-8E55-4A46-B032-050DCA94B7E9}.Release|x86.Build.0 = Release|Any CPU
		{342DA5C3-0F1F-470B-8C22-023B7B990F70}.Debug|Any CPU.ActiveCfg = Debug|Any CPU
		{342DA5C3-0F1F-470B-8C22-023B7B990F70}.Debug|Any CPU.Build.0 = Debug|Any CPU
		{342DA5C3-0F1F-470B-8C22-023B7B990F70}.Debug|x86.ActiveCfg = Debug|Any CPU
		{342DA5C3-0F1F-470B-8C22-023B7B990F70}.Debug|x86.Build.0 = Debug|Any CPU
		{342DA5C3-0F1F-470B-8C22-023B7B990F70}.Release|Any CPU.ActiveCfg = Release|Any CPU
		{342DA5C3-0F1F-470B-8C22-023B7B990F70}.Release|Any CPU.Build.0 = Release|Any CPU
		{342DA5C3-0F1F-470B-8C22-023B7B990F70}.Release|x86.ActiveCfg = Release|Any CPU
		{342DA5C3-0F1F-470B-8C22-023B7B990F70}.Release|x86.Build.0 = Release|Any CPU
		{E0BC4AA9-B3F1-4FB7-8D3A-DDA33CCB2DCB}.Debug|Any CPU.ActiveCfg = Debug|Any CPU
		{E0BC4AA9-B3F1-4FB7-8D3A-DDA33CCB2DCB}.Debug|Any CPU.Build.0 = Debug|Any CPU
		{E0BC4AA9-B3F1-4FB7-8D3A-DDA33CCB2DCB}.Debug|x86.ActiveCfg = Debug|Any CPU
		{E0BC4AA9-B3F1-4FB7-8D3A-DDA33CCB2DCB}.Debug|x86.Build.0 = Debug|Any CPU
		{E0BC4AA9-B3F1-4FB7-8D3A-DDA33CCB2DCB}.Release|Any CPU.ActiveCfg = Release|Any CPU
		{E0BC4AA9-B3F1-4FB7-8D3A-DDA33CCB2DCB}.Release|Any CPU.Build.0 = Release|Any CPU
		{E0BC4AA9-B3F1-4FB7-8D3A-DDA33CCB2DCB}.Release|x86.ActiveCfg = Release|Any CPU
		{E0BC4AA9-B3F1-4FB7-8D3A-DDA33CCB2DCB}.Release|x86.Build.0 = Release|Any CPU
		{BB73ACF2-8D95-423D-BC75-FC58FC55BB17}.Debug|Any CPU.ActiveCfg = Debug|Any CPU
		{BB73ACF2-8D95-423D-BC75-FC58FC55BB17}.Debug|Any CPU.Build.0 = Debug|Any CPU
		{BB73ACF2-8D95-423D-BC75-FC58FC55BB17}.Debug|x86.ActiveCfg = Debug|Any CPU
		{BB73ACF2-8D95-423D-BC75-FC58FC55BB17}.Debug|x86.Build.0 = Debug|Any CPU
		{BB73ACF2-8D95-423D-BC75-FC58FC55BB17}.Release|Any CPU.ActiveCfg = Release|Any CPU
		{BB73ACF2-8D95-423D-BC75-FC58FC55BB17}.Release|Any CPU.Build.0 = Release|Any CPU
		{BB73ACF2-8D95-423D-BC75-FC58FC55BB17}.Release|x86.ActiveCfg = Release|Any CPU
		{BB73ACF2-8D95-423D-BC75-FC58FC55BB17}.Release|x86.Build.0 = Release|Any CPU
		{FC070B69-0C69-4DD1-A951-011CF7329B47}.Debug|Any CPU.ActiveCfg = Debug|Any CPU
		{FC070B69-0C69-4DD1-A951-011CF7329B47}.Debug|Any CPU.Build.0 = Debug|Any CPU
		{FC070B69-0C69-4DD1-A951-011CF7329B47}.Debug|x86.ActiveCfg = Debug|Any CPU
		{FC070B69-0C69-4DD1-A951-011CF7329B47}.Debug|x86.Build.0 = Debug|Any CPU
		{FC070B69-0C69-4DD1-A951-011CF7329B47}.Release|Any CPU.ActiveCfg = Release|Any CPU
		{FC070B69-0C69-4DD1-A951-011CF7329B47}.Release|Any CPU.Build.0 = Release|Any CPU
		{FC070B69-0C69-4DD1-A951-011CF7329B47}.Release|x86.ActiveCfg = Release|Any CPU
		{FC070B69-0C69-4DD1-A951-011CF7329B47}.Release|x86.Build.0 = Release|Any CPU
		{FB31F89A-A762-417A-89D2-4A7F43D581F9}.Debug|Any CPU.ActiveCfg = Debug|Any CPU
		{FB31F89A-A762-417A-89D2-4A7F43D581F9}.Debug|Any CPU.Build.0 = Debug|Any CPU
		{FB31F89A-A762-417A-89D2-4A7F43D581F9}.Debug|x86.ActiveCfg = Debug|x86
		{FB31F89A-A762-417A-89D2-4A7F43D581F9}.Debug|x86.Build.0 = Debug|x86
		{FB31F89A-A762-417A-89D2-4A7F43D581F9}.Release|Any CPU.ActiveCfg = Release|Any CPU
		{FB31F89A-A762-417A-89D2-4A7F43D581F9}.Release|Any CPU.Build.0 = Release|Any CPU
		{FB31F89A-A762-417A-89D2-4A7F43D581F9}.Release|x86.ActiveCfg = Release|x86
		{FB31F89A-A762-417A-89D2-4A7F43D581F9}.Release|x86.Build.0 = Release|x86
	EndGlobalSection
	GlobalSection(SolutionProperties) = preSolution
		HideSolutionNode = FALSE
	EndGlobalSection
	GlobalSection(NestedProjects) = preSolution
		{342DA5C3-0F1F-470B-8C22-023B7B990F70} = {04689A87-8D09-4AFD-863F-B75F2A657BE9}
		{E0BC4AA9-B3F1-4FB7-8D3A-DDA33CCB2DCB} = {04689A87-8D09-4AFD-863F-B75F2A657BE9}
		{BB73ACF2-8D95-423D-BC75-FC58FC55BB17} = {04689A87-8D09-4AFD-863F-B75F2A657BE9}
		{FC070B69-0C69-4DD1-A951-011CF7329B47} = {04689A87-8D09-4AFD-863F-B75F2A657BE9}
		{FB31F89A-A762-417A-89D2-4A7F43D581F9} = {04689A87-8D09-4AFD-863F-B75F2A657BE9}
	EndGlobalSection
	GlobalSection(ExtensibilityGlobals) = postSolution
		SolutionGuid = {C562C218-9AB3-458A-8C56-128A534B21D4}
	EndGlobalSection
EndGlobal
